
Microsoft Visual Studio Solution File, Format Version 12.00
# Visual Studio Version 17
VisualStudioVersion = 17.2.32519.379
MinimumVisualStudioVersion = 10.0.40219.1
Project("{9A19103F-16F7-4668-BE54-9A1E7A4F7556}") = "LibraryTesting", "LibraryTesting\LibraryTesting.csproj", "{6EBF702C-9911-4443-B26C-E24683220A36}"
EndProject
Project("{9A19103F-16F7-4668-BE54-9A1E7A4F7556}") = "ReviewCommandLineUtils", "ReviewCommandLineUtils\ReviewCommandLineUtils.csproj", "{EF0608C9-E101-45DA-87C1-1B1A313AC6E0}"
EndProject
Project("{9A19103F-16F7-4668-BE54-9A1E7A4F7556}") = "AspnetCoreFeatures", "AspnetCoreFeatures\AspnetCoreFeatures.csproj", "{A9498755-7FBA-43D7-B796-42EE2F563D13}"
EndProject
Project("{9A19103F-16F7-4668-BE54-9A1E7A4F7556}") = "RoutingAndHttpRequests", "RoutingAndHttpRequests\RoutingAndHttpRequests.csproj", "{21B90493-51E7-4E6E-87E4-9B5818562A42}"
EndProject
Project("{9A19103F-16F7-4668-BE54-9A1E7A4F7556}") = "CleaningWorker", "CleaningWorker\CleaningWorker.csproj", "{2DB6F02E-629E-440F-8DD1-7BF7CA21F970}"
EndProject
Project("{9A19103F-16F7-4668-BE54-9A1E7A4F7556}") = "HostingAspNetAsWindowsService", "HostingAspNetAsWindowsService\HostingAspNetAsWindowsService.csproj", "{A501EB01-A3FE-41F9-911A-562AB496C495}"
EndProject
Project("{9A19103F-16F7-4668-BE54-9A1E7A4F7556}") = "TodoMinimalApi", "TodoApi\TodoMinimalApi.csproj", "{C1CC1C68-F688-4CD8-9CE5-8B5883BE72CD}"
EndProject
Project("{9A19103F-16F7-4668-BE54-9A1E7A4F7556}") = "SignalrWithTypescript", "SignalrWithTypescript\SignalrWithTypescript.csproj", "{249E7251-5D96-4924-8488-AC26EF2F3FB8}"
EndProject
Project("{9A19103F-16F7-4668-BE54-9A1E7A4F7556}") = "SignalRWithBlazor.Server", "SignalRWithBlazor\Server\SignalRWithBlazor.Server.csproj", "{42C53E3F-9A84-42A0-8046-BC5D45EE48FF}"
EndProject
Project("{9A19103F-16F7-4668-BE54-9A1E7A4F7556}") = "SignalRWithBlazor.Client", "SignalRWithBlazor\Client\SignalRWithBlazor.Client.csproj", "{9E248764-964D-4DF7-B3B6-D20FFC9C62C8}"
EndProject
Project("{9A19103F-16F7-4668-BE54-9A1E7A4F7556}") = "SignalRWithBlazor.Shared", "SignalRWithBlazor\Shared\SignalRWithBlazor.Shared.csproj", "{70C2F117-60CF-435E-851D-610587C37988}"
EndProject
Project("{FAE04EC0-301F-11D3-BF4B-00C04F79EFBC}") = "GrpcGreater", "GrpcGreater\GrpcGreater.csproj", "{0A1A660D-5CA0-46CE-A978-CB6A9E19F396}"
EndProject
Project("{2150E333-8FDC-42A3-9474-1A3956D46DE8}") = "Grpc", "Grpc", "{B88B9DB8-126C-471E-A708-9DE9B1E33EEB}"
EndProject
Project("{2150E333-8FDC-42A3-9474-1A3956D46DE8}") = "Blazor", "Blazor", "{1D296D45-3406-4E45-B288-B37FC448D30E}"
EndProject
Project("{2150E333-8FDC-42A3-9474-1A3956D46DE8}") = "BackgroundWorkers", "BackgroundWorkers", "{7A72842B-3689-4CF2-8EDC-B175EDB1BA35}"
EndProject
Project("{2150E333-8FDC-42A3-9474-1A3956D46DE8}") = "Asp.netCoreFeatures", "Asp.netCoreFeatures", "{3E3AF7F4-16B2-4F08-921D-E6F9C954A4BB}"
EndProject
Project("{2150E333-8FDC-42A3-9474-1A3956D46DE8}") = "NlogAndCommandLineUtils", "NlogAndCommandLineUtils", "{2D78736C-9A18-4BEC-AF5C-9E8169E92C9B}"
EndProject
Project("{FAE04EC0-301F-11D3-BF4B-00C04F79EFBC}") = "GrpcGreeterClient", "GrpcGreeterClient\GrpcGreeterClient.csproj", "{CE463D38-C821-408F-8581-DF327C2FF2FA}"
EndProject
Project("{2150E333-8FDC-42A3-9474-1A3956D46DE8}") = "Solution Items", "Solution Items", "{654CA39F-85BC-4933-8B8C-3E7E8F7351AD}"
	ProjectSection(SolutionItems) = preProject
		notes.md = notes.md
	EndProjectSection
EndProject
Global
	GlobalSection(SolutionConfigurationPlatforms) = preSolution
		Debug|Any CPU = Debug|Any CPU
		Release|Any CPU = Release|Any CPU
	EndGlobalSection
	GlobalSection(ProjectConfigurationPlatforms) = postSolution
		{6EBF702C-9911-4443-B26C-E24683220A36}.Debug|Any CPU.ActiveCfg = Debug|Any CPU
		{6EBF702C-9911-4443-B26C-E24683220A36}.Debug|Any CPU.Build.0 = Debug|Any CPU
		{6EBF702C-9911-4443-B26C-E24683220A36}.Release|Any CPU.ActiveCfg = Release|Any CPU
		{6EBF702C-9911-4443-B26C-E24683220A36}.Release|Any CPU.Build.0 = Release|Any CPU
		{EF0608C9-E101-45DA-87C1-1B1A313AC6E0}.Debug|Any CPU.ActiveCfg = Debug|Any CPU
		{EF0608C9-E101-45DA-87C1-1B1A313AC6E0}.Debug|Any CPU.Build.0 = Debug|Any CPU
		{EF0608C9-E101-45DA-87C1-1B1A313AC6E0}.Release|Any CPU.ActiveCfg = Release|Any CPU
		{EF0608C9-E101-45DA-87C1-1B1A313AC6E0}.Release|Any CPU.Build.0 = Release|Any CPU
		{A9498755-7FBA-43D7-B796-42EE2F563D13}.Debug|Any CPU.ActiveCfg = Debug|Any CPU
		{A9498755-7FBA-43D7-B796-42EE2F563D13}.Debug|Any CPU.Build.0 = Debug|Any CPU
		{A9498755-7FBA-43D7-B796-42EE2F563D13}.Release|Any CPU.ActiveCfg = Release|Any CPU
		{A9498755-7FBA-43D7-B796-42EE2F563D13}.Release|Any CPU.Build.0 = Release|Any CPU
		{21B90493-51E7-4E6E-87E4-9B5818562A42}.Debug|Any CPU.ActiveCfg = Debug|Any CPU
		{21B90493-51E7-4E6E-87E4-9B5818562A42}.Debug|Any CPU.Build.0 = Debug|Any CPU
		{21B90493-51E7-4E6E-87E4-9B5818562A42}.Release|Any CPU.ActiveCfg = Release|Any CPU
		{21B90493-51E7-4E6E-87E4-9B5818562A42}.Release|Any CPU.Build.0 = Release|Any CPU
		{2DB6F02E-629E-440F-8DD1-7BF7CA21F970}.Debug|Any CPU.ActiveCfg = Debug|Any CPU
		{2DB6F02E-629E-440F-8DD1-7BF7CA21F970}.Debug|Any CPU.Build.0 = Debug|Any CPU
		{2DB6F02E-629E-440F-8DD1-7BF7CA21F970}.Release|Any CPU.ActiveCfg = Release|Any CPU
		{2DB6F02E-629E-440F-8DD1-7BF7CA21F970}.Release|Any CPU.Build.0 = Release|Any CPU
		{A501EB01-A3FE-41F9-911A-562AB496C495}.Debug|Any CPU.ActiveCfg = Debug|Any CPU
		{A501EB01-A3FE-41F9-911A-562AB496C495}.Debug|Any CPU.Build.0 = Debug|Any CPU
		{A501EB01-A3FE-41F9-911A-562AB496C495}.Release|Any CPU.ActiveCfg = Release|Any CPU
		{A501EB01-A3FE-41F9-911A-562AB496C495}.Release|Any CPU.Build.0 = Release|Any CPU
		{C1CC1C68-F688-4CD8-9CE5-8B5883BE72CD}.Debug|Any CPU.ActiveCfg = Debug|Any CPU
		{C1CC1C68-F688-4CD8-9CE5-8B5883BE72CD}.Debug|Any CPU.Build.0 = Debug|Any CPU
		{C1CC1C68-F688-4CD8-9CE5-8B5883BE72CD}.Release|Any CPU.ActiveCfg = Release|Any CPU
		{C1CC1C68-F688-4CD8-9CE5-8B5883BE72CD}.Release|Any CPU.Build.0 = Release|Any CPU
		{249E7251-5D96-4924-8488-AC26EF2F3FB8}.Debug|Any CPU.ActiveCfg = Debug|Any CPU
		{249E7251-5D96-4924-8488-AC26EF2F3FB8}.Debug|Any CPU.Build.0 = Debug|Any CPU
		{249E7251-5D96-4924-8488-AC26EF2F3FB8}.Release|Any CPU.ActiveCfg = Release|Any CPU
		{249E7251-5D96-4924-8488-AC26EF2F3FB8}.Release|Any CPU.Build.0 = Release|Any CPU
		{42C53E3F-9A84-42A0-8046-BC5D45EE48FF}.Debug|Any CPU.ActiveCfg = Debug|Any CPU
		{42C53E3F-9A84-42A0-8046-BC5D45EE48FF}.Debug|Any CPU.Build.0 = Debug|Any CPU
		{42C53E3F-9A84-42A0-8046-BC5D45EE48FF}.Release|Any CPU.ActiveCfg = Release|Any CPU
		{42C53E3F-9A84-42A0-8046-BC5D45EE48FF}.Release|Any CPU.Build.0 = Release|Any CPU
		{9E248764-964D-4DF7-B3B6-D20FFC9C62C8}.Debug|Any CPU.ActiveCfg = Debug|Any CPU
		{9E248764-964D-4DF7-B3B6-D20FFC9C62C8}.Debug|Any CPU.Build.0 = Debug|Any CPU
		{9E248764-964D-4DF7-B3B6-D20FFC9C62C8}.Release|Any CPU.ActiveCfg = Release|Any CPU
		{9E248764-964D-4DF7-B3B6-D20FFC9C62C8}.Release|Any CPU.Build.0 = Release|Any CPU
		{70C2F117-60CF-435E-851D-610587C37988}.Debug|Any CPU.ActiveCfg = Debug|Any CPU
		{70C2F117-60CF-435E-851D-610587C37988}.Debug|Any CPU.Build.0 = Debug|Any CPU
		{70C2F117-60CF-435E-851D-610587C37988}.Release|Any CPU.ActiveCfg = Release|Any CPU
		{70C2F117-60CF-435E-851D-610587C37988}.Release|Any CPU.Build.0 = Release|Any CPU
		{0A1A660D-5CA0-46CE-A978-CB6A9E19F396}.Debug|Any CPU.ActiveCfg = Debug|Any CPU
		{0A1A660D-5CA0-46CE-A978-CB6A9E19F396}.Debug|Any CPU.Build.0 = Debug|Any CPU
		{0A1A660D-5CA0-46CE-A978-CB6A9E19F396}.Release|Any CPU.ActiveCfg = Release|Any CPU
		{0A1A660D-5CA0-46CE-A978-CB6A9E19F396}.Release|Any CPU.Build.0 = Release|Any CPU
		{CE463D38-C821-408F-8581-DF327C2FF2FA}.Debug|Any CPU.ActiveCfg = Debug|Any CPU
		{CE463D38-C821-408F-8581-DF327C2FF2FA}.Debug|Any CPU.Build.0 = Debug|Any CPU
		{CE463D38-C821-408F-8581-DF327C2FF2FA}.Release|Any CPU.ActiveCfg = Release|Any CPU
		{CE463D38-C821-408F-8581-DF327C2FF2FA}.Release|Any CPU.Build.0 = Release|Any CPU
	EndGlobalSection
	GlobalSection(SolutionProperties) = preSolution
		HideSolutionNode = FALSE
	EndGlobalSection
	GlobalSection(NestedProjects) = preSolution
		{6EBF702C-9911-4443-B26C-E24683220A36} = {2D78736C-9A18-4BEC-AF5C-9E8169E92C9B}
		{EF0608C9-E101-45DA-87C1-1B1A313AC6E0} = {2D78736C-9A18-4BEC-AF5C-9E8169E92C9B}
		{A9498755-7FBA-43D7-B796-42EE2F563D13} = {3E3AF7F4-16B2-4F08-921D-E6F9C954A4BB}
		{21B90493-51E7-4E6E-87E4-9B5818562A42} = {3E3AF7F4-16B2-4F08-921D-E6F9C954A4BB}
		{2DB6F02E-629E-440F-8DD1-7BF7CA21F970} = {7A72842B-3689-4CF2-8EDC-B175EDB1BA35}
		{A501EB01-A3FE-41F9-911A-562AB496C495} = {7A72842B-3689-4CF2-8EDC-B175EDB1BA35}
		{C1CC1C68-F688-4CD8-9CE5-8B5883BE72CD} = {3E3AF7F4-16B2-4F08-921D-E6F9C954A4BB}
		{42C53E3F-9A84-42A0-8046-BC5D45EE48FF} = {1D296D45-3406-4E45-B288-B37FC448D30E}
		{9E248764-964D-4DF7-B3B6-D20FFC9C62C8} = {1D296D45-3406-4E45-B288-B37FC448D30E}
		{70C2F117-60CF-435E-851D-610587C37988} = {1D296D45-3406-4E45-B288-B37FC448D30E}
		{0A1A660D-5CA0-46CE-A978-CB6A9E19F396} = {B88B9DB8-126C-471E-A708-9DE9B1E33EEB}
		{CE463D38-C821-408F-8581-DF327C2FF2FA} = {B88B9DB8-126C-471E-A708-9DE9B1E33EEB}
	EndGlobalSection
	GlobalSection(ExtensibilityGlobals) = postSolution
		SolutionGuid = {C3F29CB1-138E-448C-B3DE-FFB25E7BB1C5}
	EndGlobalSection
EndGlobal
